
Microsoft Visual Studio Solution File, Format Version 12.00
# Visual Studio Version 17
VisualStudioVersion = 17.7.34003.232
MinimumVisualStudioVersion = 10.0.40219.1
Project("{FAE04EC0-301F-11D3-BF4B-00C04F79EFBC}") = "SuperHeroApi", "SuperHeroApi\SuperHeroApi.csproj", "{C308E2B2-CFF8-4DDB-BD29-B740E7D0BACA}"
EndProject
Global
	GlobalSection(SolutionConfigurationPlatforms) = preSolution
		Debug|Any CPU = Debug|Any CPU
		Release|Any CPU = Release|Any CPU
	EndGlobalSection
	GlobalSection(ProjectConfigurationPlatforms) = postSolution
		{C308E2B2-CFF8-4DDB-BD29-B740E7D0BACA}.Debug|Any CPU.ActiveCfg = Debug|Any CPU
		{C308E2B2-CFF8-4DDB-BD29-B740E7D0BACA}.Debug|Any CPU.Build.0 = Debug|Any CPU
		{C308E2B2-CFF8-4DDB-BD29-B740E7D0BACA}.Release|Any CPU.ActiveCfg = Release|Any CPU
		{C308E2B2-CFF8-4DDB-BD29-B740E7D0BACA}.Release|Any CPU.Build.0 = Release|Any CPU
	EndGlobalSection
	GlobalSection(SolutionProperties) = preSolution
		HideSolutionNode = FALSE
	EndGlobalSection
	GlobalSection(ExtensibilityGlobals) = postSolution
		SolutionGuid = {F57227B7-8639-4D28-A095-2F323B2BE5A4}
	EndGlobalSection
EndGlobal
